{
  "name": "OneSignal-React-Gen",
  "version": "1.0.0",
  "lockfileVersion": 1,
  "requires": true,
  "dependencies": {
    "@types/node": {
      "version": "15.3.0",
      "resolved": "https://registry.npmjs.org/@types/node/-/node-15.3.0.tgz",
      "integrity": "sha512-8/bnjSZD86ZfpBsDlCIkNXIvm+h6wi9g7IqL+kmFkQ+Wvu3JrasgLElfiPgoo8V8vVfnEi0QVS12gbl94h9YsQ==",
      "dev": true
    },
    "@yellicode/core": {
      "version": "1.5.0",
      "resolved": "https://registry.npmjs.org/@yellicode/core/-/core-1.5.0.tgz",
      "integrity": "sha512-ZgRISEbqA4KG+j4rxFKi0wz2LwLoX3KMzVrBZIIMhG1qdIQsmXM+dmllBgRn/HUxiCvRGE8V/C1L/alCVS4y5g==",
      "dev": true,
      "requires": {
        "nanoid": "^3.1.12"
      }
    },
    "@yellicode/elements": {
      "version": "1.9.2",
      "resolved": "https://registry.npmjs.org/@yellicode/elements/-/elements-1.9.2.tgz",
      "integrity": "sha512-WJSl0zMjviZlCYkESYqygQ80ncgB8lAwIp6fIdo35Hl5QdKUn7OvKHO4EEXK9DJbAGq2VDK581IEH8MOlNr85Q==",
      "dev": true,
      "requires": {
        "@yellicode/core": "^1.3.0",
        "toposort": "^2.0.2"
      }
    },
    "@yellicode/templating": {
      "version": "1.8.0",
      "resolved": "https://registry.npmjs.org/@yellicode/templating/-/templating-1.8.0.tgz",
      "integrity": "sha512-9zGFRN/9Y4uwrkov+iqLu9DM75H6txGV2V0KA3piEJvJyQkxQ/UWFtQLJjW0Fyswa09ISoUUH77mi1ZJyCmERA==",
      "dev": true,
      "requires": {
        "@yellicode/core": "^1.5.0",
        "@yellicode/elements": "^1.8.0"
      }
    },
    "curlrequest": {
      "version": "1.0.1",
      "resolved": "https://registry.npmjs.org/curlrequest/-/curlrequest-1.0.1.tgz",
      "integrity": "sha1-zT2OBOgdeZawoc2XFssJ1QtB1Q8="
    },
    "nanoid": {
      "version": "3.1.23",
      "resolved": "https://registry.npmjs.org/nanoid/-/nanoid-3.1.23.tgz",
      "integrity": "sha512-FiB0kzdP0FFVGDKlRLEQ1BgDzU87dy5NnzjeW9YZNt+/c3+q82EQDUwniSAUxp/F0gFNI1ZhKU1FqYsMuqZVnw==",
      "dev": true
    },
    "toposort": {
      "version": "2.0.2",
      "resolved": "https://registry.npmjs.org/toposort/-/toposort-2.0.2.tgz",
      "integrity": "sha1-riF2gXXRVZ1IvvNUILL0li8JwzA=",
      "dev": true
    }
  }
}
