{
  "lockfileVersion": 1,
  "configVersion": 1,
  "workspaces": {
    "": {
      "name": "onesignal-ngx",
      "dependencies": {
        "tslib": "^2.0.0",
      },
      "peerDependencies": {
        "@angular/common": ">=11.0.9",
        "@angular/core": ">=11.0.9",
      },
    },
  },
  "packages": {
    "@angular/common": ["@angular/common@22.0.2", "", { "dependencies": { "tslib": "^2.3.0" }, "peerDependencies": { "@angular/core": "22.0.2", "rxjs": "^6.5.3 || ^7.4.0" } }, "sha512-XSkHYRwrM54v4GZ+fg9KU1KbSIE/iQF33VXKo5zqVNKO11MnAbJ59qzyqX/5EzSeogHyBoHApprFKACsCAKm/Q=="],

    "@angular/core": ["@angular/core@22.0.2", "", { "dependencies": { "tslib": "^2.3.0" }, "peerDependencies": { "@angular/compiler": "22.0.2", "rxjs": "^6.5.3 || ^7.4.0", "zone.js": "~0.15.0 || ~0.16.0" }, "optionalPeers": ["@angular/compiler", "zone.js"] }, "sha512-YMs6OZNeXh4tg67ePwSRN426WYvjqGdjxEwLrdOONKAruOmJAzW/Tqe328k/4SHfdbJTR87GPpRi5FzVP43DRA=="],

    "rxjs": ["rxjs@7.8.2", "", { "dependencies": { "tslib": "^2.1.0" } }, "sha512-dhKf903U/PQZY6boNNtAGdWbG85WAbjT/1xYoZIC7FAY0yWapOBQVsVrDl58W86//e1VpMNBtRV4MaXfdMySFA=="],

    "tslib": ["tslib@2.8.1", "", {}, "sha512-oJFu94HQb+KVduSUQL7wnpmqnfmLsOA/nAh6b6EH0wCEoK0/mPeXU6c3wKDV83MkOuHPRHtSXKKU99IBazS/2w=="],
  }
}
